// !$*UTF8*$!
{
	archiveVersion = 1;
	classes = {
	};
	objectVersion = 50;
	objects = {

/* Begin PBXBuildFile section */
		E10AA7D025A5E5E4006EC079 /* Appetizer.swift in Sources */ = {isa = PBXBuildFile; fileRef = E10AA7CF25A5E5E4006EC079 /* Appetizer.swift */; };
		E10AA7D525A612E0006EC079 /* AppetizerListCell.swift in Sources */ = {isa = PBXBuildFile; fileRef = E10AA7D425A612E0006EC079 /* AppetizerListCell.swift */; };
		E15B86A825A8C05B0081A7B1 /* Alert.swift in Sources */ = {isa = PBXBuildFile; fileRef = E15B86A725A8C05B0081A7B1 /* Alert.swift */; };
		E15B86AB25A8CCC50081A7B1 /* LoadingView.swift in Sources */ = {isa = PBXBuildFile; fileRef = E15B86AA25A8CCC50081A7B1 /* LoadingView.swift */; };
		E15B86AE25A8CDFF0081A7B1 /* Color+Ext.swift in Sources */ = {isa = PBXBuildFile; fileRef = E15B86AD25A8CDFF0081A7B1 /* Color+Ext.swift */; };
		E16527AE25A70B6F001208D7 /* APError.swift in Sources */ = {isa = PBXBuildFile; fileRef = E16527AD25A70B6F001208D7 /* APError.swift */; };
		E16527B125A70BDE001208D7 /* NetworkMenager.swift in Sources */ = {isa = PBXBuildFile; fileRef = E16527B025A70BDE001208D7 /* NetworkMenager.swift */; };
		E16527C325A71D3F001208D7 /* AppetizerListViewModel.swift in Sources */ = {isa = PBXBuildFile; fileRef = E16527C225A71D3F001208D7 /* AppetizerListViewModel.swift */; };
		E180B0DF25A5D68F008E0C4E /* AppetizersApp.swift in Sources */ = {isa = PBXBuildFile; fileRef = E180B0DE25A5D68F008E0C4E /* AppetizersApp.swift */; };
		E180B0E125A5D68F008E0C4E /* AppetizerTabView.swift in Sources */ = {isa = PBXBuildFile; fileRef = E180B0E025A5D68F008E0C4E /* AppetizerTabView.swift */; };
		E180B0E325A5D690008E0C4E /* Assets.xcassets in Resources */ = {isa = PBXBuildFile; fileRef = E180B0E225A5D690008E0C4E /* Assets.xcassets */; };
		E180B0E625A5D690008E0C4E /* Preview Assets.xcassets in Resources */ = {isa = PBXBuildFile; fileRef = E180B0E525A5D690008E0C4E /* Preview Assets.xcassets */; };
		E180B0F025A5D74C008E0C4E /* AppetizerListView.swift in Sources */ = {isa = PBXBuildFile; fileRef = E180B0EF25A5D74C008E0C4E /* AppetizerListView.swift */; };
		E180B0F325A5D780008E0C4E /* AccountView.swift in Sources */ = {isa = PBXBuildFile; fileRef = E180B0F225A5D780008E0C4E /* AccountView.swift */; };
		E180B0F625A5D78C008E0C4E /* OrderView.swift in Sources */ = {isa = PBXBuildFile; fileRef = E180B0F525A5D78C008E0C4E /* OrderView.swift */; };
/* End PBXBuildFile section */

/* Begin PBXFileReference section */
		E10AA7CF25A5E5E4006EC079 /* Appetizer.swift */ = {isa = PBXFileReference; lastKnownFileType = sourcecode.swift; path = Appetizer.swift; sourceTree = "<group>"; };
		E10AA7D425A612E0006EC079 /* AppetizerListCell.swift */ = {isa = PBXFileReference; lastKnownFileType = sourcecode.swift; path = AppetizerListCell.swift; sourceTree = "<group>"; };
		E15B86A725A8C05B0081A7B1 /* Alert.swift */ = {isa = PBXFileReference; lastKnownFileType = sourcecode.swift; path = Alert.swift; sourceTree = "<group>"; };
		E15B86AA25A8CCC50081A7B1 /* LoadingView.swift */ = {isa = PBXFileReference; lastKnownFileType = sourcecode.swift; path = LoadingView.swift; sourceTree = "<group>"; };
		E15B86AD25A8CDFF0081A7B1 /* Color+Ext.swift */ = {isa = PBXFileReference; lastKnownFileType = sourcecode.swift; path = "Color+Ext.swift"; sourceTree = "<group>"; };
		E16527AD25A70B6F001208D7 /* APError.swift */ = {isa = PBXFileReference; lastKnownFileType = sourcecode.swift; path = APError.swift; sourceTree = "<group>"; };
		E16527B025A70BDE001208D7 /* NetworkMenager.swift */ = {isa = PBXFileReference; lastKnownFileType = sourcecode.swift; path = NetworkMenager.swift; sourceTree = "<group>"; };
		E16527C225A71D3F001208D7 /* AppetizerListViewModel.swift */ = {isa = PBXFileReference; lastKnownFileType = sourcecode.swift; path = AppetizerListViewModel.swift; sourceTree = "<group>"; };
		E180B0DB25A5D68F008E0C4E /* Appetizers.app */ = {isa = PBXFileReference; explicitFileType = wrapper.application; includeInIndex = 0; path = Appetizers.app; sourceTree = BUILT_PRODUCTS_DIR; };
		E180B0DE25A5D68F008E0C4E /* AppetizersApp.swift */ = {isa = PBXFileReference; lastKnownFileType = sourcecode.swift; path = AppetizersApp.swift; sourceTree = "<group>"; };
		E180B0E025A5D68F008E0C4E /* AppetizerTabView.swift */ = {isa = PBXFileReference; lastKnownFileType = sourcecode.swift; path = AppetizerTabView.swift; sourceTree = "<group>"; };
		E180B0E225A5D690008E0C4E /* Assets.xcassets */ = {isa = PBXFileReference; lastKnownFileType = folder.assetcatalog; path = Assets.xcassets; sourceTree = "<group>"; };
		E180B0E525A5D690008E0C4E /* Preview Assets.xcassets */ = {isa = PBXFileReference; lastKnownFileType = folder.assetcatalog; path = "Preview Assets.xcassets"; sourceTree = "<group>"; };
		E180B0E725A5D690008E0C4E /* Info.plist */ = {isa = PBXFileReference; lastKnownFileType = text.plist.xml; path = Info.plist; sourceTree = "<group>"; };
		E180B0EF25A5D74C008E0C4E /* AppetizerListView.swift */ = {isa = PBXFileReference; lastKnownFileType = sourcecode.swift; path = AppetizerListView.swift; sourceTree = "<group>"; };
		E180B0F225A5D780008E0C4E /* AccountView.swift */ = {isa = PBXFileReference; lastKnownFileType = sourcecode.swift; path = AccountView.swift; sourceTree = "<group>"; };
		E180B0F525A5D78C008E0C4E /* OrderView.swift */ = {isa = PBXFileReference; lastKnownFileType = sourcecode.swift; path = OrderView.swift; sourceTree = "<group>"; };
/* End PBXFileReference section */

/* Begin PBXFrameworksBuildPhase section */
		E180B0D825A5D68F008E0C4E /* Frameworks */ = {
			isa = PBXFrameworksBuildPhase;
			buildActionMask = 2147483647;
			files = (
			);
			runOnlyForDeploymentPostprocessing = 0;
		};
/* End PBXFrameworksBuildPhase section */

/* Begin PBXGroup section */
		E180B0D225A5D68F008E0C4E = {
			isa = PBXGroup;
			children = (
				E180B0DD25A5D68F008E0C4E /* Appetizers */,
				E180B0DC25A5D68F008E0C4E /* Products */,
			);
			sourceTree = "<group>";
		};
		E180B0DC25A5D68F008E0C4E /* Products */ = {
			isa = PBXGroup;
			children = (
				E180B0DB25A5D68F008E0C4E /* Appetizers.app */,
			);
			name = Products;
			sourceTree = "<group>";
		};
		E180B0DD25A5D68F008E0C4E /* Appetizers */ = {
			isa = PBXGroup;
			children = (
				E180B0DE25A5D68F008E0C4E /* AppetizersApp.swift */,
				E180B0E025A5D68F008E0C4E /* AppetizerTabView.swift */,
				E180B0E225A5D690008E0C4E /* Assets.xcassets */,
				E180B0E725A5D690008E0C4E /* Info.plist */,
				E180B0E425A5D690008E0C4E /* Preview Content */,
				E16527C225A71D3F001208D7 /* AppetizerListViewModel.swift */,
				E180B0EF25A5D74C008E0C4E /* AppetizerListView.swift */,
				E180B0F225A5D780008E0C4E /* AccountView.swift */,
				E180B0F525A5D78C008E0C4E /* OrderView.swift */,
				E10AA7CF25A5E5E4006EC079 /* Appetizer.swift */,
				E10AA7D425A612E0006EC079 /* AppetizerListCell.swift */,
				E16527B025A70BDE001208D7 /* NetworkMenager.swift */,
				E16527AD25A70B6F001208D7 /* APError.swift */,
				E15B86A725A8C05B0081A7B1 /* Alert.swift */,
				E15B86AA25A8CCC50081A7B1 /* LoadingView.swift */,
				E15B86AD25A8CDFF0081A7B1 /* Color+Ext.swift */,
			);
			path = Appetizers;
			sourceTree = "<group>";
		};
		E180B0E425A5D690008E0C4E /* Preview Content */ = {
			isa = PBXGroup;
			children = (
				E180B0E525A5D690008E0C4E /* Preview Assets.xcassets */,
			);
			path = "Preview Content";
			sourceTree = "<group>";
		};
/* End PBXGroup section */

/* Begin PBXNativeTarget section */
		E180B0DA25A5D68F008E0C4E /* Appetizers */ = {
			isa = PBXNativeTarget;
			buildConfigurationList = E180B0EA25A5D690008E0C4E /* Build configuration list for PBXNativeTarget "Appetizers" */;
			buildPhases = (
				E180B0D725A5D68F008E0C4E /* Sources */,
				E180B0D825A5D68F008E0C4E /* Frameworks */,
				E180B0D925A5D68F008E0C4E /* Resources */,
			);
			buildRules = (
			);
			dependencies = (
			);
			name = Appetizers;
			productName = Appetizers;
			productReference = E180B0DB25A5D68F008E0C4E /* Appetizers.app */;
			productType = "com.apple.product-type.application";
		};
/* End PBXNativeTarget section */

/* Begin PBXProject section */
		E180B0D325A5D68F008E0C4E /* Project object */ = {
			isa = PBXProject;
			attributes = {
				LastSwiftUpdateCheck = 1230;
				LastUpgradeCheck = 1230;
				TargetAttributes = {
					E180B0DA25A5D68F008E0C4E = {
						CreatedOnToolsVersion = 12.3;
					};
				};
			};
			buildConfigurationList = E180B0D625A5D68F008E0C4E /* Build configuration list for PBXProject "Appetizers" */;
			compatibilityVersion = "Xcode 9.3";
			developmentRegion = en;
			hasScannedForEncodings = 0;
			knownRegions = (
				en,
				Base,
			);
			mainGroup = E180B0D225A5D68F008E0C4E;
			productRefGroup = E180B0DC25A5D68F008E0C4E /* Products */;
			projectDirPath = "";
			projectRoot = "";
			targets = (
				E180B0DA25A5D68F008E0C4E /* Appetizers */,
			);
		};
/* End PBXProject section */

/* Begin PBXResourcesBuildPhase section */
		E180B0D925A5D68F008E0C4E /* Resources */ = {
			isa = PBXResourcesBuildPhase;
			buildActionMask = 2147483647;
			files = (
				E180B0E625A5D690008E0C4E /* Preview Assets.xcassets in Resources */,
				E180B0E325A5D690008E0C4E /* Assets.xcassets in Resources */,
			);
			runOnlyForDeploymentPostprocessing = 0;
		};
/* End PBXResourcesBuildPhase section */

/* Begin PBXSourcesBuildPhase section */
		E180B0D725A5D68F008E0C4E /* Sources */ = {
			isa = PBXSourcesBuildPhase;
			buildActionMask = 2147483647;
			files = (
				E10AA7D025A5E5E4006EC079 /* Appetizer.swift in Sources */,
				E10AA7D525A612E0006EC079 /* AppetizerListCell.swift in Sources */,
				E180B0E125A5D68F008E0C4E /* AppetizerTabView.swift in Sources */,
				E16527C325A71D3F001208D7 /* AppetizerListViewModel.swift in Sources */,
				E15B86AE25A8CDFF0081A7B1 /* Color+Ext.swift in Sources */,
				E16527B125A70BDE001208D7 /* NetworkMenager.swift in Sources */,
				E15B86AB25A8CCC50081A7B1 /* LoadingView.swift in Sources */,
				E16527AE25A70B6F001208D7 /* APError.swift in Sources */,
				E180B0DF25A5D68F008E0C4E /* AppetizersApp.swift in Sources */,
				E180B0F025A5D74C008E0C4E /* AppetizerListView.swift in Sources */,
				E15B86A825A8C05B0081A7B1 /* Alert.swift in Sources */,
				E180B0F325A5D780008E0C4E /* AccountView.swift in Sources */,
				E180B0F625A5D78C008E0C4E /* OrderView.swift in Sources */,
			);
			runOnlyForDeploymentPostprocessing = 0;
		};
/* End PBXSourcesBuildPhase section */

/* Begin XCBuildConfiguration section */
		E180B0E825A5D690008E0C4E /* Debug */ = {
			isa = XCBuildConfiguration;
			buildSettings = {
				ALWAYS_SEARCH_USER_PATHS = NO;
				CLANG_ANALYZER_NONNULL = YES;
				CLANG_ANALYZER_NUMBER_OBJECT_CONVERSION = YES_AGGRESSIVE;
				CLANG_CXX_LANGUAGE_STANDARD = "gnu++14";
				CLANG_CXX_LIBRARY = "libc++";
				CLANG_ENABLE_MODULES = YES;
				CLANG_ENABLE_OBJC_ARC = YES;
				CLANG_ENABLE_OBJC_WEAK = YES;
				CLANG_WARN_BLOCK_CAPTURE_AUTORELEASING = YES;
				CLANG_WARN_BOOL_CONVERSION = YES;
				CLANG_WARN_COMMA = YES;
				CLANG_WARN_CONSTANT_CONVERSION = YES;
				CLANG_WARN_DEPRECATED_OBJC_IMPLEMENTATIONS = YES;
				CLANG_WARN_DIRECT_OBJC_ISA_USAGE = YES_ERROR;
				CLANG_WARN_DOCUMENTATION_COMMENTS = YES;
				CLANG_WARN_EMPTY_BODY = YES;
				CLANG_WARN_ENUM_CONVERSION = YES;
				CLANG_WARN_INFINITE_RECURSION = YES;
				CLANG_WARN_INT_CONVERSION = YES;
				CLANG_WARN_NON_LITERAL_NULL_CONVERSION = YES;
				CLANG_WARN_OBJC_IMPLICIT_RETAIN_SELF = YES;
				CLANG_WARN_OBJC_LITERAL_CONVERSION = YES;
				CLANG_WARN_OBJC_ROOT_CLASS = YES_ERROR;
				CLANG_WARN_QUOTED_INCLUDE_IN_FRAMEWORK_HEADER = YES;
				CLANG_WARN_RANGE_LOOP_ANALYSIS = YES;
				CLANG_WARN_STRICT_PROTOTYPES = YES;
				CLANG_WARN_SUSPICIOUS_MOVE = YES;
				CLANG_WARN_UNGUARDED_AVAILABILITY = YES_AGGRESSIVE;
				CLANG_WARN_UNREACHABLE_CODE = YES;
				CLANG_WARN__DUPLICATE_METHOD_MATCH = YES;
				COPY_PHASE_STRIP = NO;
				DEBUG_INFORMATION_FORMAT = dwarf;
				ENABLE_STRICT_OBJC_MSGSEND = YES;
				ENABLE_TESTABILITY = YES;
				GCC_C_LANGUAGE_STANDARD = gnu11;
				GCC_DYNAMIC_NO_PIC = NO;
				GCC_NO_COMMON_BLOCKS = YES;
				GCC_OPTIMIZATION_LEVEL = 0;
				GCC_PREPROCESSOR_DEFINITIONS = (
					"DEBUG=1",
					"$(inherited)",
				);
				GCC_WARN_64_TO_32_BIT_CONVERSION = YES;
				GCC_WARN_ABOUT_RETURN_TYPE = YES_ERROR;
				GCC_WARN_UNDECLARED_SELECTOR = YES;
				GCC_WARN_UNINITIALIZED_AUTOS = YES_AGGRESSIVE;
				GCC_WARN_UNUSED_FUNCTION = YES;
				GCC_WARN_UNUSED_VARIABLE = YES;
				IPHONEOS_DEPLOYMENT_TARGET = 14.3;
				MTL_ENABLE_DEBUG_INFO = INCLUDE_SOURCE;
				MTL_FAST_MATH = YES;
				ONLY_ACTIVE_ARCH = YES;
				SDKROOT = iphoneos;
				SWIFT_ACTIVE_COMPILATION_CONDITIONS = DEBUG;
				SWIFT_OPTIMIZATION_LEVEL = "-Onone";
			};
			name = Debug;
		};
		E180B0E925A5D690008E0C4E /* Release */ = {
			isa = XCBuildConfiguration;
			buildSettings = {
				ALWAYS_SEARCH_USER_PATHS = NO;
				CLANG_ANALYZER_NONNULL = YES;
				CLANG_ANALYZER_NUMBER_OBJECT_CONVERSION = YES_AGGRESSIVE;
				CLANG_CXX_LANGUAGE_STANDARD = "gnu++14";
				CLANG_CXX_LIBRARY = "libc++";
				CLANG_ENABLE_MODULES = YES;
				CLANG_ENABLE_OBJC_ARC = YES;
				CLANG_ENABLE_OBJC_WEAK = YES;
				CLANG_WARN_BLOCK_CAPTURE_AUTORELEASING = YES;
				CLANG_WARN_BOOL_CONVERSION = YES;
				CLANG_WARN_COMMA = YES;
				CLANG_WARN_CONSTANT_CONVERSION = YES;
				CLANG_WARN_DEPRECATED_OBJC_IMPLEMENTATIONS = YES;
				CLANG_WARN_DIRECT_OBJC_ISA_USAGE = YES_ERROR;
				CLANG_WARN_DOCUMENTATION_COMMENTS = YES;
				CLANG_WARN_EMPTY_BODY = YES;
				CLANG_WARN_ENUM_CONVERSION = YES;
				CLANG_WARN_INFINITE_RECURSION = YES;
				CLANG_WARN_INT_CONVERSION = YES;
				CLANG_WARN_NON_LITERAL_NULL_CONVERSION = YES;
				CLANG_WARN_OBJC_IMPLICIT_RETAIN_SELF = YES;
				CLANG_WARN_OBJC_LITERAL_CONVERSION = YES;
				CLANG_WARN_OBJC_ROOT_CLASS = YES_ERROR;
				CLANG_WARN_QUOTED_INCLUDE_IN_FRAMEWORK_HEADER = YES;
				CLANG_WARN_RANGE_LOOP_ANALYSIS = YES;
				CLANG_WARN_STRICT_PROTOTYPES = YES;
				CLANG_WARN_SUSPICIOUS_MOVE = YES;
				CLANG_WARN_UNGUARDED_AVAILABILITY = YES_AGGRESSIVE;
				CLANG_WARN_UNREACHABLE_CODE = YES;
				CLANG_WARN__DUPLICATE_METHOD_MATCH = YES;
				COPY_PHASE_STRIP = NO;
				DEBUG_INFORMATION_FORMAT = "dwarf-with-dsym";
				ENABLE_NS_ASSERTIONS = NO;
				ENABLE_STRICT_OBJC_MSGSEND = YES;
				GCC_C_LANGUAGE_STANDARD = gnu11;
				GCC_NO_COMMON_BLOCKS = YES;
				GCC_WARN_64_TO_32_BIT_CONVERSION = YES;
				GCC_WARN_ABOUT_RETURN_TYPE = YES_ERROR;
				GCC_WARN_UNDECLARED_SELECTOR = YES;
				GCC_WARN_UNINITIALIZED_AUTOS = YES_AGGRESSIVE;
				GCC_WARN_UNUSED_FUNCTION = YES;
				GCC_WARN_UNUSED_VARIABLE = YES;
				IPHONEOS_DEPLOYMENT_TARGET = 14.3;
				MTL_ENABLE_DEBUG_INFO = NO;
				MTL_FAST_MATH = YES;
				SDKROOT = iphoneos;
				SWIFT_COMPILATION_MODE = wholemodule;
				SWIFT_OPTIMIZATION_LEVEL = "-O";
				VALIDATE_PRODUCT = YES;
			};
			name = Release;
		};
		E180B0EB25A5D690008E0C4E /* Debug */ = {
			isa = XCBuildConfiguration;
			buildSettings = {
				ASSETCATALOG_COMPILER_APPICON_NAME = AppIcon;
				ASSETCATALOG_COMPILER_GLOBAL_ACCENT_COLOR_NAME = AccentColor;
				CODE_SIGN_STYLE = Automatic;
				DEVELOPMENT_ASSET_PATHS = "\"Appetizers/Preview Content\"";
				DEVELOPMENT_TEAM = 7U5XZ95AHH;
				ENABLE_PREVIEWS = YES;
				INFOPLIST_FILE = Appetizers/Info.plist;
				IPHONEOS_DEPLOYMENT_TARGET = 14.0;
				LD_RUNPATH_SEARCH_PATHS = (
					"$(inherited)",
					"@executable_path/Frameworks",
				);
				PRODUCT_BUNDLE_IDENTIFIER = com.vitalyprosvetov.Appetizers;
				PRODUCT_NAME = "$(TARGET_NAME)";
				SWIFT_VERSION = 5.0;
				TARGETED_DEVICE_FAMILY = "1,2";
			};
			name = Debug;
		};
		E180B0EC25A5D690008E0C4E /* Release */ = {
			isa = XCBuildConfiguration;
			buildSettings = {
				ASSETCATALOG_COMPILER_APPICON_NAME = AppIcon;
				ASSETCATALOG_COMPILER_GLOBAL_ACCENT_COLOR_NAME = AccentColor;
				CODE_SIGN_STYLE = Automatic;
				DEVELOPMENT_ASSET_PATHS = "\"Appetizers/Preview Content\"";
				DEVELOPMENT_TEAM = 7U5XZ95AHH;
				ENABLE_PREVIEWS = YES;
				INFOPLIST_FILE = Appetizers/Info.plist;
				IPHONEOS_DEPLOYMENT_TARGET = 14.0;
				LD_RUNPATH_SEARCH_PATHS = (
					"$(inherited)",
					"@executable_path/Frameworks",
				);
				PRODUCT_BUNDLE_IDENTIFIER = com.vitalyprosvetov.Appetizers;
				PRODUCT_NAME = "$(TARGET_NAME)";
				SWIFT_VERSION = 5.0;
				TARGETED_DEVICE_FAMILY = "1,2";
			};
			name = Release;
		};
/* End XCBuildConfiguration section */

/* Begin XCConfigurationList section */
		E180B0D625A5D68F008E0C4E /* Build configuration list for PBXProject "Appetizers" */ = {
			isa = XCConfigurationList;
			buildConfigurations = (
				E180B0E825A5D690008E0C4E /* Debug */,
				E180B0E925A5D690008E0C4E /* Release */,
			);
			defaultConfigurationIsVisible = 0;
			defaultConfigurationName = Release;
		};
		E180B0EA25A5D690008E0C4E /* Build configuration list for PBXNativeTarget "Appetizers" */ = {
			isa = XCConfigurationList;
			buildConfigurations = (
				E180B0EB25A5D690008E0C4E /* Debug */,
				E180B0EC25A5D690008E0C4E /* Release */,
			);
			defaultConfigurationIsVisible = 0;
			defaultConfigurationName = Release;
		};
/* End XCConfigurationList section */
	};
	rootObject = E180B0D325A5D68F008E0C4E /* Project object */;
}
